
Microsoft Visual Studio Solution File, Format Version 12.00
# Visual Studio Version 17
VisualStudioVersion = 17.3.32819.101
MinimumVisualStudioVersion = 10.0.40219.1
Project("{FAE04EC0-301F-11D3-BF4B-00C04F79EFBC}") = "string to binary converter", "string to binary converter\string to binary converter.csproj", "{C68EE4DF-F7F7-4B7A-8815-9090D9CE74C8}"
EndProject
Global
	GlobalSection(SolutionConfigurationPlatforms) = preSolution
		Debug|Any CPU = Debug|Any CPU
		Release|Any CPU = Release|Any CPU
	EndGlobalSection
	GlobalSection(ProjectConfigurationPlatforms) = postSolution
		{C68EE4DF-F7F7-4B7A-8815-9090D9CE74C8}.Debug|Any CPU.ActiveCfg = Debug|Any CPU
		{C68EE4DF-F7F7-4B7A-8815-9090D9CE74C8}.Debug|Any CPU.Build.0 = Debug|Any CPU
		{C68EE4DF-F7F7-4B7A-8815-9090D9CE74C8}.Release|Any CPU.ActiveCfg = Release|Any CPU
		{C68EE4DF-F7F7-4B7A-8815-9090D9CE74C8}.Release|Any CPU.Build.0 = Release|Any CPU
	EndGlobalSection
	GlobalSection(SolutionProperties) = preSolution
		HideSolutionNode = FALSE
	EndGlobalSection
	GlobalSection(ExtensibilityGlobals) = postSolution
		SolutionGuid = {CADB4531-23C6-443F-8C2E-D3E52965D96F}
	EndGlobalSection
EndGlobal
